
Microsoft Visual Studio Solution File, Format Version 12.00
# Visual Studio Version 17
VisualStudioVersion = 17.8.34330.188
MinimumVisualStudioVersion = 10.0.40219.1
Project("{FAE04EC0-301F-11D3-BF4B-00C04F79EFBC}") = "Bank", "ConsoleApp1\Bank.csproj", "{A903F988-0B1B-441B-A45D-D2CD7BA5838C}"
EndProject
Global
	GlobalSection(SolutionConfigurationPlatforms) = preSolution
		Debug|Any CPU = Debug|Any CPU
		Release|Any CPU = Release|Any CPU
	EndGlobalSection
	GlobalSection(ProjectConfigurationPlatforms) = postSolution
		{A903F988-0B1B-441B-A45D-D2CD7BA5838C}.Debug|Any CPU.ActiveCfg = Debug|Any CPU
		{A903F988-0B1B-441B-A45D-D2CD7BA5838C}.Debug|Any CPU.Build.0 = Debug|Any CPU
		{A903F988-0B1B-441B-A45D-D2CD7BA5838C}.Release|Any CPU.ActiveCfg = Release|Any CPU
		{A903F988-0B1B-441B-A45D-D2CD7BA5838C}.Release|Any CPU.Build.0 = Release|Any CPU
	EndGlobalSection
	GlobalSection(SolutionProperties) = preSolution
		HideSolutionNode = FALSE
	EndGlobalSection
	GlobalSection(ExtensibilityGlobals) = postSolution
		SolutionGuid = {B8A07EA1-6D48-4A22-9C25-6007985BD6D6}
	EndGlobalSection
EndGlobal
