
Microsoft Visual Studio Solution File, Format Version 12.00
# Visual Studio Version 17
VisualStudioVersion = 17.8.34330.188
MinimumVisualStudioVersion = 10.0.40219.1
Project("{9A19103F-16F7-4668-BE54-9A1E7A4F7556}") = "Bank", "ConsoleApp1\Bank.csproj", "{A903F988-0B1B-441B-A45D-D2CD7BA5838C}"
EndProject
Project("{9A19103F-16F7-4668-BE54-9A1E7A4F7556}") = "Project", "ConsoleApp2\Project.csproj", "{8A20431A-5580-4BA7-8DC4-F7EE65C00E9F}"
EndProject
Project("{9A19103F-16F7-4668-BE54-9A1E7A4F7556}") = "Delegateslesson", "Delegateslesson\Delegateslesson.csproj", "{ED88EC4E-5178-4274-81CA-06674831936C}"
EndProject
Project("{9A19103F-16F7-4668-BE54-9A1E7A4F7556}") = "Arraydelegate", "Arraydelegate\Arraydelegate.csproj", "{A30BFEBE-81C1-493D-A361-93597C487649}"
EndProject
Project("{9A19103F-16F7-4668-BE54-9A1E7A4F7556}") = "ConsoleApp3", "ConsoleApp3\ConsoleApp3.csproj", "{F59C288F-4C1F-44AC-8DE9-CE334EE98AF4}"
EndProject
Project("{FAE04EC0-301F-11D3-BF4B-00C04F79EFBC}") = "ConsoleApp4", "ConsoleApp4\ConsoleApp4.csproj", "{00437710-6C70-47B2-AB3F-60EAB00A9C56}"
EndProject
Global
	GlobalSection(SolutionConfigurationPlatforms) = preSolution
		Debug|Any CPU = Debug|Any CPU
		Release|Any CPU = Release|Any CPU
	EndGlobalSection
	GlobalSection(ProjectConfigurationPlatforms) = postSolution
		{A903F988-0B1B-441B-A45D-D2CD7BA5838C}.Debug|Any CPU.ActiveCfg = Debug|Any CPU
		{A903F988-0B1B-441B-A45D-D2CD7BA5838C}.Debug|Any CPU.Build.0 = Debug|Any CPU
		{A903F988-0B1B-441B-A45D-D2CD7BA5838C}.Release|Any CPU.ActiveCfg = Release|Any CPU
		{A903F988-0B1B-441B-A45D-D2CD7BA5838C}.Release|Any CPU.Build.0 = Release|Any CPU
		{8A20431A-5580-4BA7-8DC4-F7EE65C00E9F}.Debug|Any CPU.ActiveCfg = Debug|Any CPU
		{8A20431A-5580-4BA7-8DC4-F7EE65C00E9F}.Debug|Any CPU.Build.0 = Debug|Any CPU
		{8A20431A-5580-4BA7-8DC4-F7EE65C00E9F}.Release|Any CPU.ActiveCfg = Release|Any CPU
		{8A20431A-5580-4BA7-8DC4-F7EE65C00E9F}.Release|Any CPU.Build.0 = Release|Any CPU
		{ED88EC4E-5178-4274-81CA-06674831936C}.Debug|Any CPU.ActiveCfg = Debug|Any CPU
		{ED88EC4E-5178-4274-81CA-06674831936C}.Debug|Any CPU.Build.0 = Debug|Any CPU
		{ED88EC4E-5178-4274-81CA-06674831936C}.Release|Any CPU.ActiveCfg = Release|Any CPU
		{ED88EC4E-5178-4274-81CA-06674831936C}.Release|Any CPU.Build.0 = Release|Any CPU
		{A30BFEBE-81C1-493D-A361-93597C487649}.Debug|Any CPU.ActiveCfg = Debug|Any CPU
		{A30BFEBE-81C1-493D-A361-93597C487649}.Debug|Any CPU.Build.0 = Debug|Any CPU
		{A30BFEBE-81C1-493D-A361-93597C487649}.Release|Any CPU.ActiveCfg = Release|Any CPU
		{A30BFEBE-81C1-493D-A361-93597C487649}.Release|Any CPU.Build.0 = Release|Any CPU
		{F59C288F-4C1F-44AC-8DE9-CE334EE98AF4}.Debug|Any CPU.ActiveCfg = Debug|Any CPU
		{F59C288F-4C1F-44AC-8DE9-CE334EE98AF4}.Debug|Any CPU.Build.0 = Debug|Any CPU
		{F59C288F-4C1F-44AC-8DE9-CE334EE98AF4}.Release|Any CPU.ActiveCfg = Release|Any CPU
		{F59C288F-4C1F-44AC-8DE9-CE334EE98AF4}.Release|Any CPU.Build.0 = Release|Any CPU
		{00437710-6C70-47B2-AB3F-60EAB00A9C56}.Debug|Any CPU.ActiveCfg = Debug|Any CPU
		{00437710-6C70-47B2-AB3F-60EAB00A9C56}.Debug|Any CPU.Build.0 = Debug|Any CPU
		{00437710-6C70-47B2-AB3F-60EAB00A9C56}.Release|Any CPU.ActiveCfg = Release|Any CPU
		{00437710-6C70-47B2-AB3F-60EAB00A9C56}.Release|Any CPU.Build.0 = Release|Any CPU
	EndGlobalSection
	GlobalSection(SolutionProperties) = preSolution
		HideSolutionNode = FALSE
	EndGlobalSection
	GlobalSection(ExtensibilityGlobals) = postSolution
		SolutionGuid = {B8A07EA1-6D48-4A22-9C25-6007985BD6D6}
	EndGlobalSection
EndGlobal
